
Microsoft Visual Studio Solution File, Format Version 12.00
# Visual Studio Version 17
VisualStudioVersion = 17.0.31903.59
MinimumVisualStudioVersion = 10.0.40219.1
Project("{FAE04EC0-301F-11D3-BF4B-00C04F79EFBC}") = "TempDataDemo", "TempDataDemo\TempDataDemo.csproj", "{35735C00-1AAC-4583-9DA2-761F914513A3}"
EndProject
Global
	GlobalSection(SolutionConfigurationPlatforms) = preSolution
		Debug|Any CPU = Debug|Any CPU
		Release|Any CPU = Release|Any CPU
	EndGlobalSection
	GlobalSection(ProjectConfigurationPlatforms) = postSolution
		{35735C00-1AAC-4583-9DA2-761F914513A3}.Debug|Any CPU.ActiveCfg = Debug|Any CPU
		{35735C00-1AAC-4583-9DA2-761F914513A3}.Debug|Any CPU.Build.0 = Debug|Any CPU
		{35735C00-1AAC-4583-9DA2-761F914513A3}.Release|Any CPU.ActiveCfg = Release|Any CPU
		{35735C00-1AAC-4583-9DA2-761F914513A3}.Release|Any CPU.Build.0 = Release|Any CPU
	EndGlobalSection
	GlobalSection(SolutionProperties) = preSolution
		HideSolutionNode = FALSE
	EndGlobalSection
	GlobalSection(ExtensibilityGlobals) = postSolution
		SolutionGuid = {07E79385-0BA8-4F73-97EB-B68359293580}
	EndGlobalSection
EndGlobal
