
Microsoft Visual Studio Solution File, Format Version 12.00
# Visual Studio Version 17
VisualStudioVersion = 17.0.31903.59
MinimumVisualStudioVersion = 10.0.40219.1
Project("{FAE04EC0-301F-11D3-BF4B-00C04F79EFBC}") = "RoutingDemoAssignment", "RoutingDemoAssignment\RoutingDemoAssignment.csproj", "{2366D443-810B-4E71-B3D5-DDA838C6502B}"
EndProject
Global
	GlobalSection(SolutionConfigurationPlatforms) = preSolution
		Debug|Any CPU = Debug|Any CPU
		Release|Any CPU = Release|Any CPU
	EndGlobalSection
	GlobalSection(ProjectConfigurationPlatforms) = postSolution
		{2366D443-810B-4E71-B3D5-DDA838C6502B}.Debug|Any CPU.ActiveCfg = Debug|Any CPU
		{2366D443-810B-4E71-B3D5-DDA838C6502B}.Debug|Any CPU.Build.0 = Debug|Any CPU
		{2366D443-810B-4E71-B3D5-DDA838C6502B}.Release|Any CPU.ActiveCfg = Release|Any CPU
		{2366D443-810B-4E71-B3D5-DDA838C6502B}.Release|Any CPU.Build.0 = Release|Any CPU
	EndGlobalSection
	GlobalSection(SolutionProperties) = preSolution
		HideSolutionNode = FALSE
	EndGlobalSection
	GlobalSection(ExtensibilityGlobals) = postSolution
		SolutionGuid = {456F175E-3F0F-4FBE-BBBF-A10F8DBCCCCB}
	EndGlobalSection
EndGlobal
